
Microsoft Visual Studio Solution File, Format Version 12.00
# Visual Studio Version 17
VisualStudioVersion = 17.0.31903.59
MinimumVisualStudioVersion = 10.0.40219.1
Project("{2150E333-8FDC-42A3-9474-1A3956D46DE8}") = "src", "src", "{B774D897-ED14-4717-8CD3-6B8956B51960}"
EndProject
Project("{FAE04EC0-301F-11D3-BF4B-00C04F79EFBC}") = "Ash.Core", "src\Ash.Core\Ash.Core.csproj", "{4901DFC0-7105-4FA3-A284-158F97AC0B29}"
EndProject
Project("{FAE04EC0-301F-11D3-BF4B-00C04F79EFBC}") = "Ash.Rules", "src\Ash.Rules\Ash.Rules.csproj", "{A07BAE24-4E47-436D-8968-1D101F3F164B}"
EndProject
Project("{FAE04EC0-301F-11D3-BF4B-00C04F79EFBC}") = "Ash.Content", "src\Ash.Content\Ash.Content.csproj", "{FDA26C18-D8E3-4A70-990A-9835DB7D6C4D}"
EndProject
Project("{FAE04EC0-301F-11D3-BF4B-00C04F79EFBC}") = "Ash.Sim", "src\Ash.Sim\Ash.Sim.csproj", "{4407417C-A148-4178-BC5F-9913D5871111}"
EndProject
Project("{FAE04EC0-301F-11D3-BF4B-00C04F79EFBC}") = "Ash.Script", "src\Ash.Script\Ash.Script.csproj", "{C85B5198-E4C4-461F-8C47-AC99A679D214}"
EndProject
Project("{2150E333-8FDC-42A3-9474-1A3956D46DE8}") = "tests", "tests", "{22FB8C4C-275B-4616-B263-A9322410108F}"
EndProject
Project("{FAE04EC0-301F-11D3-BF4B-00C04F79EFBC}") = "Ash.Rules.Tests", "tests\Ash.Rules.Tests\Ash.Rules.Tests.csproj", "{5F7B66B5-2D2C-49AB-AF9C-1CC05E42E43B}"
EndProject
Project("{FAE04EC0-301F-11D3-BF4B-00C04F79EFBC}") = "Ash.Content.Tests", "tests\Ash.Content.Tests\Ash.Content.Tests.csproj", "{FD8D286A-7BCF-41CE-9F38-D2452AAE56A6}"
EndProject
Project("{FAE04EC0-301F-11D3-BF4B-00C04F79EFBC}") = "Ash.Sim.Tests", "tests\Ash.Sim.Tests\Ash.Sim.Tests.csproj", "{07123752-3F6C-480F-B64D-645494D60654}"
EndProject
Project("{FAE04EC0-301F-11D3-BF4B-00C04F79EFBC}") = "Ash.Script.Tests", "tests\Ash.Script.Tests\Ash.Script.Tests.csproj", "{F9E4C540-AFB8-4978-A0AE-F90C45CA78E1}"
EndProject
Project("{FAE04EC0-301F-11D3-BF4B-00C04F79EFBC}") = "Ash.Game", "game\Ash.Game.csproj", "{E67C09A5-AB5F-4114-9534-592449492BC3}"
EndProject
Global
	GlobalSection(SolutionConfigurationPlatforms) = preSolution
		Debug|Any CPU = Debug|Any CPU
		Release|Any CPU = Release|Any CPU
	EndGlobalSection
	GlobalSection(SolutionProperties) = preSolution
		HideSolutionNode = FALSE
	EndGlobalSection
	GlobalSection(ProjectConfigurationPlatforms) = postSolution
		{4901DFC0-7105-4FA3-A284-158F97AC0B29}.Debug|Any CPU.ActiveCfg = Debug|Any CPU
		{4901DFC0-7105-4FA3-A284-158F97AC0B29}.Debug|Any CPU.Build.0 = Debug|Any CPU
		{4901DFC0-7105-4FA3-A284-158F97AC0B29}.Release|Any CPU.ActiveCfg = Release|Any CPU
		{4901DFC0-7105-4FA3-A284-158F97AC0B29}.Release|Any CPU.Build.0 = Release|Any CPU
		{A07BAE24-4E47-436D-8968-1D101F3F164B}.Debug|Any CPU.ActiveCfg = Debug|Any CPU
		{A07BAE24-4E47-436D-8968-1D101F3F164B}.Debug|Any CPU.Build.0 = Debug|Any CPU
		{A07BAE24-4E47-436D-8968-1D101F3F164B}.Release|Any CPU.ActiveCfg = Release|Any CPU
		{A07BAE24-4E47-436D-8968-1D101F3F164B}.Release|Any CPU.Build.0 = Release|Any CPU
		{FDA26C18-D8E3-4A70-990A-9835DB7D6C4D}.Debug|Any CPU.ActiveCfg = Debug|Any CPU
		{FDA26C18-D8E3-4A70-990A-9835DB7D6C4D}.Debug|Any CPU.Build.0 = Debug|Any CPU
		{FDA26C18-D8E3-4A70-990A-9835DB7D6C4D}.Release|Any CPU.ActiveCfg = Release|Any CPU
		{FDA26C18-D8E3-4A70-990A-9835DB7D6C4D}.Release|Any CPU.Build.0 = Release|Any CPU
		{4407417C-A148-4178-BC5F-9913D5871111}.Debug|Any CPU.ActiveCfg = Debug|Any CPU
		{4407417C-A148-4178-BC5F-9913D5871111}.Debug|Any CPU.Build.0 = Debug|Any CPU
		{4407417C-A148-4178-BC5F-9913D5871111}.Release|Any CPU.ActiveCfg = Release|Any CPU
		{4407417C-A148-4178-BC5F-9913D5871111}.Release|Any CPU.Build.0 = Release|Any CPU
		{C85B5198-E4C4-461F-8C47-AC99A679D214}.Debug|Any CPU.ActiveCfg = Debug|Any CPU
		{C85B5198-E4C4-461F-8C47-AC99A679D214}.Debug|Any CPU.Build.0 = Debug|Any CPU
		{C85B5198-E4C4-461F-8C47-AC99A679D214}.Release|Any CPU.ActiveCfg = Release|Any CPU
		{C85B5198-E4C4-461F-8C47-AC99A679D214}.Release|Any CPU.Build.0 = Release|Any CPU
		{5F7B66B5-2D2C-49AB-AF9C-1CC05E42E43B}.Debug|Any CPU.ActiveCfg = Debug|Any CPU
		{5F7B66B5-2D2C-49AB-AF9C-1CC05E42E43B}.Debug|Any CPU.Build.0 = Debug|Any CPU
		{5F7B66B5-2D2C-49AB-AF9C-1CC05E42E43B}.Release|Any CPU.ActiveCfg = Release|Any CPU
		{5F7B66B5-2D2C-49AB-AF9C-1CC05E42E43B}.Release|Any CPU.Build.0 = Release|Any CPU
		{FD8D286A-7BCF-41CE-9F38-D2452AAE56A6}.Debug|Any CPU.ActiveCfg = Debug|Any CPU
		{FD8D286A-7BCF-41CE-9F38-D2452AAE56A6}.Debug|Any CPU.Build.0 = Debug|Any CPU
		{FD8D286A-7BCF-41CE-9F38-D2452AAE56A6}.Release|Any CPU.ActiveCfg = Release|Any CPU
		{FD8D286A-7BCF-41CE-9F38-D2452AAE56A6}.Release|Any CPU.Build.0 = Release|Any CPU
		{07123752-3F6C-480F-B64D-645494D60654}.Debug|Any CPU.ActiveCfg = Debug|Any CPU
		{07123752-3F6C-480F-B64D-645494D60654}.Debug|Any CPU.Build.0 = Debug|Any CPU
		{07123752-3F6C-480F-B64D-645494D60654}.Release|Any CPU.ActiveCfg = Release|Any CPU
		{07123752-3F6C-480F-B64D-645494D60654}.Release|Any CPU.Build.0 = Release|Any CPU
		{F9E4C540-AFB8-4978-A0AE-F90C45CA78E1}.Debug|Any CPU.ActiveCfg = Debug|Any CPU
		{F9E4C540-AFB8-4978-A0AE-F90C45CA78E1}.Debug|Any CPU.Build.0 = Debug|Any CPU
		{F9E4C540-AFB8-4978-A0AE-F90C45CA78E1}.Release|Any CPU.ActiveCfg = Release|Any CPU
		{F9E4C540-AFB8-4978-A0AE-F90C45CA78E1}.Release|Any CPU.Build.0 = Release|Any CPU
		{E67C09A5-AB5F-4114-9534-592449492BC3}.Debug|Any CPU.ActiveCfg = Debug|Any CPU
		{E67C09A5-AB5F-4114-9534-592449492BC3}.Debug|Any CPU.Build.0 = Debug|Any CPU
		{E67C09A5-AB5F-4114-9534-592449492BC3}.Release|Any CPU.ActiveCfg = Debug|Any CPU
		{E67C09A5-AB5F-4114-9534-592449492BC3}.Release|Any CPU.Build.0 = Debug|Any CPU
	EndGlobalSection
	GlobalSection(NestedProjects) = preSolution
		{4901DFC0-7105-4FA3-A284-158F97AC0B29} = {B774D897-ED14-4717-8CD3-6B8956B51960}
		{A07BAE24-4E47-436D-8968-1D101F3F164B} = {B774D897-ED14-4717-8CD3-6B8956B51960}
		{FDA26C18-D8E3-4A70-990A-9835DB7D6C4D} = {B774D897-ED14-4717-8CD3-6B8956B51960}
		{4407417C-A148-4178-BC5F-9913D5871111} = {B774D897-ED14-4717-8CD3-6B8956B51960}
		{C85B5198-E4C4-461F-8C47-AC99A679D214} = {B774D897-ED14-4717-8CD3-6B8956B51960}
		{5F7B66B5-2D2C-49AB-AF9C-1CC05E42E43B} = {22FB8C4C-275B-4616-B263-A9322410108F}
		{FD8D286A-7BCF-41CE-9F38-D2452AAE56A6} = {22FB8C4C-275B-4616-B263-A9322410108F}
		{07123752-3F6C-480F-B64D-645494D60654} = {22FB8C4C-275B-4616-B263-A9322410108F}
		{F9E4C540-AFB8-4978-A0AE-F90C45CA78E1} = {22FB8C4C-275B-4616-B263-A9322410108F}
	EndGlobalSection
EndGlobal
